<?xml version="1.0" encoding="utf-8"?>
<Project ToolsVersion="4.0" xmlns="http://schemas.microsoft.com/developer/msbuild/2003">
  <ItemGroup>
    <Filter Include="Source Files">
      <UniqueIdentifier>{4FC737F1-C7A5-4376-A066-2A32D752A2FF}</UniqueIdentifier>
      <Extensions>cpp;c;cc;cxx;def;odl;idl;hpj;bat;asm;asmx</Extensions>
    </Filter>
    <Filter Include="Header Files">
      <UniqueIdentifier>{93995380-89BD-4b04-88EB-625FBE52EBFB}</UniqueIdentifier>
      <Extensions>h;hh;hpp;hxx;hm;inl;inc;xsd</Extensions>
    </Filter>
    <Filter Include="Resource Files">
      <UniqueIdentifier>{67DA6AB6-F800-4c08-8B7A-83BB121AAD01}</UniqueIdentifier>
      <Extensions>rc;ico;cur;bmp;dlg;rc2;rct;bin;rgs;gif;jpg;jpeg;jpe;resx;tiff;tif;png;wav;mfcribbon-ms</Extensions>
    </Filter>
  </ItemGroup>
  <ItemGroup>
    <Image Include="crate.bmp">
      <Filter>Resource Files</Filter>
    </Image>
    <Image Include="darkmetal.bmp">
      <Filter>Resource Files</Filter>
    </Image>
    <Image Include="diamond.bmp">
      <Filter>Resource Files</Filter>
    </Image>
    <Image Include="Enemy.bmp">
      <Filter>Resource Files</Filter>
    </Image>
    <Image Include="gold.bmp">
      <Filter>Resource Files</Filter>
    </Image>
    <Image Include="grass.bmp">
      <Filter>Resource Files</Filter>
    </Image>
    <Image Include="Grid.bmp">
      <Filter>Resource Files</Filter>
    </Image>
    <Image Include="ground.bmp">
      <Filter>Resource Files</Filter>
    </Image>
    <Image Include="guntex.bmp">
      <Filter>Resource Files</Filter>
    </Image>
    <Image Include="laser.bmp">
      <Filter>Resource Files</Filter>
    </Image>
    <Image Include="letters.bmp">
      <Filter>Resource Files</Filter>
    </Image>
    <Image Include="lightmetal.bmp">
      <Filter>Resource Files</Filter>
    </Image>
    <Image Include="lose.bmp">
      <Filter>Resource Files</Filter>
    </Image>
    <Image Include="mars.bmp">
      <Filter>Resource Files</Filter>
    </Image>
    <Image Include="Player.bmp">
      <Filter>Resource Files</Filter>
    </Image>
    <Image Include="red.bmp">
      <Filter>Resource Files</Filter>
    </Image>
    <Image Include="redcloud.bmp">
      <Filter>Resource Files</Filter>
    </Image>
    <Image Include="RobotFace.bmp">
      <Filter>Resource Files</Filter>
    </Image>
    <Image Include="robotSymbol.bmp">
      <Filter>Resource Files</Filter>
    </Image>
    <Image Include="roof.bmp">
      <Filter>Resource Files</Filter>
    </Image>
    <Image Include="spaceRoof.bmp">
      <Filter>Resource Files</Filter>
    </Image>
    <Image Include="spaceWall.bmp">
      <Filter>Resource Files</Filter>
    </Image>
    <Image Include="test.bmp">
      <Filter>Resource Files</Filter>
    </Image>
    <Image Include="wall.bmp">
      <Filter>Resource Files</Filter>
    </Image>
    <Image Include="win.bmp">
      <Filter>Resource Files</Filter>
    </Image>
  </ItemGroup>
  <ItemGroup>
    <ClInclude Include="Arm.h">
      <Filter>Header Files</Filter>
    </ClInclude>
    <ClInclude Include="AssetLoader.h">
      <Filter>Header Files</Filter>
    </ClInclude>
    <ClInclude Include="Axis.h">
      <Filter>Header Files</Filter>
    </ClInclude>
    <ClInclude Include="BackForthBehavior.h">
      <Filter>Header Files</Filter>
    </ClInclude>
    <ClInclude Include="BaseCuboid.h">
      <Filter>Header Files</Filter>
    </ClInclude>
    <ClInclude Include="BaseObject.h">
      <Filter>Header Files</Filter>
    </ClInclude>
    <ClInclude Include="BaseShader.h">
      <Filter>Header Files</Filter>
    </ClInclude>
    <ClInclude Include="BMPTextureLoader.h">
      <Filter>Header Files</Filter>
    </ClInclude>
    <ClInclude Include="BoundingBox.h">
      <Filter>Header Files</Filter>
    </ClInclude>
    <ClInclude Include="BoundingSphere.h">
      <Filter>Header Files</Filter>
    </ClInclude>
    <ClInclude Include="Camera.h">
      <Filter>Header Files</Filter>
    </ClInclude>
    <ClInclude Include="Construct.h">
      <Filter>Header Files</Filter>
    </ClInclude>
    <ClInclude Include="CoreSystem.h">
      <Filter>Header Files</Filter>
    </ClInclude>
    <ClInclude Include="Cuboid.h">
      <Filter>Header Files</Filter>
    </ClInclude>
    <ClInclude Include="CustomTexture.h">
      <Filter>Header Files</Filter>
    </ClInclude>
    <ClInclude Include="Diamond.h">
      <Filter>Header Files</Filter>
    </ClInclude>
    <ClInclude Include="FallBackBehavior.h">
      <Filter>Header Files</Filter>
    </ClInclude>
    <ClInclude Include="Flyer.h">
      <Filter>Header Files</Filter>
    </ClInclude>
    <ClInclude Include="GameAssetLoader.h">
      <Filter>Header Files</Filter>
    </ClInclude>
    <ClInclude Include="GameEngine.h">
      <Filter>Header Files</Filter>
    </ClInclude>
    <ClInclude Include="GameObject.h">
      <Filter>Header Files</Filter>
    </ClInclude>
    <ClInclude Include="GameObjectManager.h">
      <Filter>Header Files</Filter>
    </ClInclude>
    <ClInclude Include="GameWindow.h">
      <Filter>Header Files</Filter>
    </ClInclude>
    <ClInclude Include="GameWorld.h">
      <Filter>Header Files</Filter>
    </ClInclude>
    <ClInclude Include="GenericWindow.h">
      <Filter>Header Files</Filter>
    </ClInclude>
    <ClInclude Include="GraphicsSystem.h">
      <Filter>Header Files</Filter>
    </ClInclude>
    <ClInclude Include="GridSurface.h">
      <Filter>Header Files</Filter>
    </ClInclude>
    <ClInclude Include="IBehavior.h">
      <Filter>Header Files</Filter>
    </ClInclude>
    <ClInclude Include="ITextureLoader.h">
      <Filter>Header Files</Filter>
    </ClInclude>
    <ClInclude Include="ITimer.h">
      <Filter>Header Files</Filter>
    </ClInclude>
    <ClInclude Include="LightSource.h">
      <Filter>Header Files</Filter>
    </ClInclude>
    <ClInclude Include="LineBox.h">
      <Filter>Header Files</Filter>
    </ClInclude>
    <ClInclude Include="Logger.h">
      <Filter>Header Files</Filter>
    </ClInclude>
    <ClInclude Include="MathUtil.h">
      <Filter>Header Files</Filter>
    </ClInclude>
    <ClInclude Include="MountainRange.h">
      <Filter>Header Files</Filter>
    </ClInclude>
    <ClInclude Include="ObjectGenerator.h">
      <Filter>Header Files</Filter>
    </ClInclude>
    <ClInclude Include="OGL2DHUD.h">
      <Filter>Header Files</Filter>
    </ClInclude>
    <ClInclude Include="OGL2DTextDisplay.h">
      <Filter>Header Files</Filter>
    </ClInclude>
    <ClInclude Include="OGL2DTexture.h">
      <Filter>Header Files</Filter>
    </ClInclude>
    <ClInclude Include="OGL3DCompositeObject.h">
      <Filter>Header Files</Filter>
    </ClInclude>
    <ClInclude Include="OGL3DObject.h">
      <Filter>Header Files</Filter>
    </ClInclude>
    <ClInclude Include="OGLArrayBuffer.h">
      <Filter>Header Files</Filter>
    </ClInclude>
    <ClInclude Include="OGLBaseShader.h">
      <Filter>Header Files</Filter>
    </ClInclude>
    <ClInclude Include="OGLBufferedObject.h">
      <Filter>Header Files</Filter>
    </ClInclude>
    <ClInclude Include="OGLCompositeFlatSurface.h">
      <Filter>Header Files</Filter>
    </ClInclude>
    <ClInclude Include="OGLElementArrayBuffer.h">
      <Filter>Header Files</Filter>
    </ClInclude>
    <ClInclude Include="OGLFirstPersonCamera.h">
      <Filter>Header Files</Filter>
    </ClInclude>
    <ClInclude Include="OGLFontTexture.h">
      <Filter>Header Files</Filter>
    </ClInclude>
    <ClInclude Include="OGLFragmentShader.h">
      <Filter>Header Files</Filter>
    </ClInclude>
    <ClInclude Include="OGLGameObject.h">
      <Filter>Header Files</Filter>
    </ClInclude>
    <ClInclude Include="OGLGraphicsSystem.h">
      <Filter>Header Files</Filter>
    </ClInclude>
    <ClInclude Include="OGLObject.h">
      <Filter>Header Files</Filter>
    </ClInclude>
    <ClInclude Include="OGLReferenceFrame.h">
      <Filter>Header Files</Filter>
    </ClInclude>
    <ClInclude Include="OGLReferenceFrameStack.h">
      <Filter>Header Files</Filter>
    </ClInclude>
    <ClInclude Include="OGLShaderCompiler.h">
      <Filter>Header Files</Filter>
    </ClInclude>
    <ClInclude Include="OGLShaderManager.h">
      <Filter>Header Files</Filter>
    </ClInclude>
    <ClInclude Include="OGLShaderProgram.h">
      <Filter>Header Files</Filter>
    </ClInclude>
    <ClInclude Include="OGLSphericalCamera.h">
      <Filter>Header Files</Filter>
    </ClInclude>
    <ClInclude Include="OGLTexturedFlatSurface.h">
      <Filter>Header Files</Filter>
    </ClInclude>
    <ClInclude Include="OGLVertexShader.h">
      <Filter>Header Files</Filter>
    </ClInclude>
    <ClInclude Include="OGLViewingFrustum.h">
      <Filter>Header Files</Filter>
    </ClInclude>
    <ClInclude Include="PCInputSystem.h">
      <Filter>Header Files</Filter>
    </ClInclude>
    <ClInclude Include="Plane.h">
      <Filter>Header Files</Filter>
    </ClInclude>
    <ClInclude Include="Pyramid.h">
      <Filter>Header Files</Filter>
    </ClInclude>
    <ClInclude Include="RGBA.h">
      <Filter>Header Files</Filter>
    </ClInclude>
    <ClInclude Include="RotateYBehavior.h">
      <Filter>Header Files</Filter>
    </ClInclude>
    <ClInclude Include="ShaderManager.h">
      <Filter>Header Files</Filter>
    </ClInclude>
    <ClInclude Include="ShakeBehavior.h">
      <Filter>Header Files</Filter>
    </ClInclude>
    <ClInclude Include="Soldier.h">
      <Filter>Header Files</Filter>
    </ClInclude>
    <ClInclude Include="SpaceShuttle.h">
      <Filter>Header Files</Filter>
    </ClInclude>
    <ClInclude Include="SpaceShuttleBehavior.h">
      <Filter>Header Files</Filter>
    </ClInclude>
    <ClInclude Include="Sphere.h">
      <Filter>Header Files</Filter>
    </ClInclude>
    <ClInclude Include="StockObjectLoader.h">
      <Filter>Header Files</Filter>
    </ClInclude>
    <ClInclude Include="Sword.h">
      <Filter>Header Files</Filter>
    </ClInclude>
    <ClInclude Include="Tank.h">
      <Filter>Header Files</Filter>
    </ClInclude>
    <ClInclude Include="TextFileReader.h">
      <Filter>Header Files</Filter>
    </ClInclude>
    <ClInclude Include="Texture.h">
      <Filter>Header Files</Filter>
    </ClInclude>
    <ClInclude Include="TexturedCuboid.h">
      <Filter>Header Files</Filter>
    </ClInclude>
    <ClInclude Include="TextureManager.h">
      <Filter>Header Files</Filter>
    </ClInclude>
    <ClInclude Include="TheGame.h">
      <Filter>Header Files</Filter>
    </ClInclude>
    <ClInclude Include="Turret.h">
      <Filter>Header Files</Filter>
    </ClInclude>
    <ClInclude Include="Uniform.h">
      <Filter>Header Files</Filter>
    </ClInclude>
    <ClInclude Include="ViewingFrustum.h">
      <Filter>Header Files</Filter>
    </ClInclude>
    <ClInclude Include="Win32OGLWindow.h">
      <Filter>Header Files</Filter>
    </ClInclude>
    <ClInclude Include="Win32Window.h">
      <Filter>Header Files</Filter>
    </ClInclude>
    <ClInclude Include="WindowsConsoleLogger.h">
      <Filter>Header Files</Filter>
    </ClInclude>
    <ClInclude Include="WindowsTimer.h">
      <Filter>Header Files</Filter>
    </ClInclude>
  </ItemGroup>
  <ItemGroup>
    <ClCompile Include="AssetLoader.cpp">
      <Filter>Source Files</Filter>
    </ClCompile>
    <ClCompile Include="Axis.cpp">
      <Filter>Source Files</Filter>
    </ClCompile>
    <ClCompile Include="BackForthBehavior.cpp">
      <Filter>Source Files</Filter>
    </ClCompile>
    <ClCompile Include="BaseCuboid.cpp">
      <Filter>Source Files</Filter>
    </ClCompile>
    <ClCompile Include="BaseObject.cpp">
      <Filter>Source Files</Filter>
    </ClCompile>
    <ClCompile Include="BaseShader.cpp">
      <Filter>Source Files</Filter>
    </ClCompile>
    <ClCompile Include="Behavior.cpp">
      <Filter>Source Files</Filter>
    </ClCompile>
    <ClCompile Include="BMPTextureLoader.cpp">
      <Filter>Source Files</Filter>
    </ClCompile>
    <ClCompile Include="BoundingBox.cpp">
      <Filter>Source Files</Filter>
    </ClCompile>
    <ClCompile Include="BoundingSphere.cpp">
      <Filter>Source Files</Filter>
    </ClCompile>
    <ClCompile Include="Camera.cpp">
      <Filter>Source Files</Filter>
    </ClCompile>
    <ClCompile Include="Construct.cpp">
      <Filter>Source Files</Filter>
    </ClCompile>
    <ClCompile Include="CoreSystem.cpp">
      <Filter>Source Files</Filter>
    </ClCompile>
    <ClCompile Include="Cuboid.cpp">
      <Filter>Source Files</Filter>
    </ClCompile>
    <ClCompile Include="CustomTexture.cpp">
      <Filter>Source Files</Filter>
    </ClCompile>
    <ClCompile Include="Diamond.cpp">
      <Filter>Source Files</Filter>
    </ClCompile>
    <ClCompile Include="FallBackBehavior.cpp">
      <Filter>Source Files</Filter>
    </ClCompile>
    <ClCompile Include="Flyer.cpp">
      <Filter>Source Files</Filter>
    </ClCompile>
    <ClCompile Include="GameAssetLoader.cpp">
      <Filter>Source Files</Filter>
    </ClCompile>
    <ClCompile Include="GameEngine.cpp">
      <Filter>Source Files</Filter>
    </ClCompile>
    <ClCompile Include="GameObject.cpp">
      <Filter>Source Files</Filter>
    </ClCompile>
    <ClCompile Include="GameObjectManager.cpp">
      <Filter>Source Files</Filter>
    </ClCompile>
    <ClCompile Include="GameWindow.cpp">
      <Filter>Source Files</Filter>
    </ClCompile>
    <ClCompile Include="GameWorld.cpp">
      <Filter>Source Files</Filter>
    </ClCompile>
    <ClCompile Include="GenericWindow.cpp">
      <Filter>Source Files</Filter>
    </ClCompile>
    <ClCompile Include="GraphicsSystem.cpp">
      <Filter>Source Files</Filter>
    </ClCompile>
    <ClCompile Include="GridSurface.cpp">
      <Filter>Source Files</Filter>
    </ClCompile>
    <ClCompile Include="ITextureLoader.cpp">
      <Filter>Source Files</Filter>
    </ClCompile>
    <ClCompile Include="ITimer.cpp">
      <Filter>Source Files</Filter>
    </ClCompile>
    <ClCompile Include="LightSource.cpp">
      <Filter>Source Files</Filter>
    </ClCompile>
    <ClCompile Include="LineBox.cpp">
      <Filter>Source Files</Filter>
    </ClCompile>
    <ClCompile Include="Logger.cpp">
      <Filter>Source Files</Filter>
    </ClCompile>
    <ClCompile Include="Main.cpp">
      <Filter>Source Files</Filter>
    </ClCompile>
    <ClCompile Include="MathUtil.cpp">
      <Filter>Source Files</Filter>
    </ClCompile>
    <ClCompile Include="MountainRange.cpp">
      <Filter>Source Files</Filter>
    </ClCompile>
    <ClCompile Include="ObjectGenerator.cpp">
      <Filter>Source Files</Filter>
    </ClCompile>
    <ClCompile Include="OGL2DHUD.cpp">
      <Filter>Source Files</Filter>
    </ClCompile>
    <ClCompile Include="OGL2DTextDisplay.cpp">
      <Filter>Source Files</Filter>
    </ClCompile>
    <ClCompile Include="OGL2DTexture.cpp">
      <Filter>Source Files</Filter>
    </ClCompile>
    <ClCompile Include="OGL3DCompositeObject.cpp">
      <Filter>Source Files</Filter>
    </ClCompile>
    <ClCompile Include="OGL3DObject.cpp">
      <Filter>Source Files</Filter>
    </ClCompile>
    <ClCompile Include="OGLArrayBuffer.cpp">
      <Filter>Source Files</Filter>
    </ClCompile>
    <ClCompile Include="OGLBaseShader.cpp">
      <Filter>Source Files</Filter>
    </ClCompile>
    <ClCompile Include="OGLBufferedObject.cpp">
      <Filter>Source Files</Filter>
    </ClCompile>
    <ClCompile Include="OGLCompositeFlatSurface.cpp">
      <Filter>Source Files</Filter>
    </ClCompile>
    <ClCompile Include="OGLElementArrayBuffer.cpp">
      <Filter>Source Files</Filter>
    </ClCompile>
    <ClCompile Include="OGLFirstPersonCamera.cpp">
      <Filter>Source Files</Filter>
    </ClCompile>
    <ClCompile Include="OGLFontTexture.cpp">
      <Filter>Source Files</Filter>
    </ClCompile>
    <ClCompile Include="OGLFragmentShader.cpp">
      <Filter>Source Files</Filter>
    </ClCompile>
    <ClCompile Include="OGLGameObject.cpp">
      <Filter>Source Files</Filter>
    </ClCompile>
    <ClCompile Include="OGLGraphicsSystem.cpp">
      <Filter>Source Files</Filter>
    </ClCompile>
    <ClCompile Include="OGLObject.cpp">
      <Filter>Source Files</Filter>
    </ClCompile>
    <ClCompile Include="OGLReferenceFrame.cpp">
      <Filter>Source Files</Filter>
    </ClCompile>
    <ClCompile Include="OGLReferenceFrameStack.cpp">
      <Filter>Source Files</Filter>
    </ClCompile>
    <ClCompile Include="OGLShaderCompiler.cpp">
      <Filter>Source Files</Filter>
    </ClCompile>
    <ClCompile Include="OGLShaderManager.cpp">
      <Filter>Source Files</Filter>
    </ClCompile>
    <ClCompile Include="OGLShaderProgram.cpp">
      <Filter>Source Files</Filter>
    </ClCompile>
    <ClCompile Include="OGLSphericalCamera.cpp">
      <Filter>Source Files</Filter>
    </ClCompile>
    <ClCompile Include="OGLTexturedFlatSurface.cpp">
      <Filter>Source Files</Filter>
    </ClCompile>
    <ClCompile Include="OGLVertexShader.cpp">
      <Filter>Source Files</Filter>
    </ClCompile>
    <ClCompile Include="OGLViewingFrustum.cpp">
      <Filter>Source Files</Filter>
    </ClCompile>
    <ClCompile Include="PCInputSystem.cpp">
      <Filter>Source Files</Filter>
    </ClCompile>
    <ClCompile Include="Plane.cpp">
      <Filter>Source Files</Filter>
    </ClCompile>
    <ClCompile Include="Pyramid.cpp">
      <Filter>Source Files</Filter>
    </ClCompile>
    <ClCompile Include="RotateYBehavior.cpp">
      <Filter>Source Files</Filter>
    </ClCompile>
    <ClCompile Include="ShaderManager.cpp">
      <Filter>Source Files</Filter>
    </ClCompile>
    <ClCompile Include="ShakeBehavior.cpp">
      <Filter>Source Files</Filter>
    </ClCompile>
    <ClCompile Include="Soldier.cpp">
      <Filter>Source Files</Filter>
    </ClCompile>
    <ClCompile Include="SpaceShuttle.cpp">
      <Filter>Source Files</Filter>
    </ClCompile>
    <ClCompile Include="SpaceShuttleBehavior.cpp">
      <Filter>Source Files</Filter>
    </ClCompile>
    <ClCompile Include="Sphere.cpp">
      <Filter>Source Files</Filter>
    </ClCompile>
    <ClCompile Include="StockObjectLoader.cpp">
      <Filter>Source Files</Filter>
    </ClCompile>
    <ClCompile Include="Sword.cpp">
      <Filter>Source Files</Filter>
    </ClCompile>
    <ClCompile Include="Tank.cpp">
      <Filter>Source Files</Filter>
    </ClCompile>
    <ClCompile Include="TextFileReader.cpp">
      <Filter>Source Files</Filter>
    </ClCompile>
    <ClCompile Include="Texture.cpp">
      <Filter>Source Files</Filter>
    </ClCompile>
    <ClCompile Include="TexturedCuboid.cpp">
      <Filter>Source Files</Filter>
    </ClCompile>
    <ClCompile Include="TextureManager.cpp">
      <Filter>Source Files</Filter>
    </ClCompile>
    <ClCompile Include="TheGame.cpp">
      <Filter>Source Files</Filter>
    </ClCompile>
    <ClCompile Include="Turret.cpp">
      <Filter>Source Files</Filter>
    </ClCompile>
    <ClCompile Include="Uniform.cpp">
      <Filter>Source Files</Filter>
    </ClCompile>
    <ClCompile Include="ViewingFrustum.cpp">
      <Filter>Source Files</Filter>
    </ClCompile>
    <ClCompile Include="Win32OGLWindow.cpp">
      <Filter>Source Files</Filter>
    </ClCompile>
    <ClCompile Include="Win32Window.cpp">
      <Filter>Source Files</Filter>
    </ClCompile>
    <ClCompile Include="WindowsConsoleLogger.cpp">
      <Filter>Source Files</Filter>
    </ClCompile>
    <ClCompile Include="WindowsTimer.cpp">
      <Filter>Source Files</Filter>
    </ClCompile>
  </ItemGroup>
  <ItemGroup>
    <None Include="GameAssets.data" />
    <None Include="ShaderAssets.data" />
    <None Include="FragmentShader3DIllumination.glsl" />
    <None Include="FragmentShaderText.glsl" />
    <None Include="FragmentShaderTexture.glsl" />
    <None Include="VertexShader3DIllumination.glsl" />
    <None Include="VertexShader3DPerspective.glsl" />
    <None Include="VertexShaderText.glsl" />
    <None Include="VertexShaderTexture.glsl" />
  </ItemGroup>
  <ItemGroup>
    <Text Include="Flyer.txt" />
    <Text Include="MountainRange.txt" />
    <Text Include="SpaceShuttle.txt" />
  </ItemGroup>
</Project>